
Microsoft Visual Studio Solution File, Format Version 12.00
# Visual Studio Version 16
VisualStudioVersion = 16.0.29613.14
MinimumVisualStudioVersion = 10.0.40219.1
Project("{FAE04EC0-301F-11D3-BF4B-00C04F79EFBC}") = "barcode", "barcode\barcode.csproj", "{E021714A-0D12-4724-A8A0-CBC914592ECA}"
EndProject
Global
	GlobalSection(SolutionConfigurationPlatforms) = preSolution
		Debug|Any CPU = Debug|Any CPU
		Release|Any CPU = Release|Any CPU
	EndGlobalSection
	GlobalSection(ProjectConfigurationPlatforms) = postSolution
		{E021714A-0D12-4724-A8A0-CBC914592ECA}.Debug|Any CPU.ActiveCfg = Debug|Any CPU
		{E021714A-0D12-4724-A8A0-CBC914592ECA}.Debug|Any CPU.Build.0 = Debug|Any CPU
		{E021714A-0D12-4724-A8A0-CBC914592ECA}.Release|Any CPU.ActiveCfg = Release|Any CPU
		{E021714A-0D12-4724-A8A0-CBC914592ECA}.Release|Any CPU.Build.0 = Release|Any CPU
	EndGlobalSection
	GlobalSection(SolutionProperties) = preSolution
		HideSolutionNode = FALSE
	EndGlobalSection
	GlobalSection(ExtensibilityGlobals) = postSolution
		SolutionGuid = {8E826CF4-8976-482A-B9F8-10446037278B}
	EndGlobalSection
EndGlobal
